
Microsoft Visual Studio Solution File, Format Version 12.00
# Visual Studio 15
VisualStudioVersion = 15.0.27703.2042
MinimumVisualStudioVersion = 10.0.40219.1
Project("{FAE04EC0-301F-11D3-BF4B-00C04F79EFBC}") = "Tribe", "Tribe\Tribe.csproj", "{17EEE217-83F4-4612-9B74-96997C4991E5}"
EndProject
Global
	GlobalSection(SolutionConfigurationPlatforms) = preSolution
		Debug|Any CPU = Debug|Any CPU
		Release|Any CPU = Release|Any CPU
	EndGlobalSection
	GlobalSection(ProjectConfigurationPlatforms) = postSolution
		{17EEE217-83F4-4612-9B74-96997C4991E5}.Debug|Any CPU.ActiveCfg = Debug|Any CPU
		{17EEE217-83F4-4612-9B74-96997C4991E5}.Debug|Any CPU.Build.0 = Debug|Any CPU
		{17EEE217-83F4-4612-9B74-96997C4991E5}.Release|Any CPU.ActiveCfg = Release|Any CPU
		{17EEE217-83F4-4612-9B74-96997C4991E5}.Release|Any CPU.Build.0 = Release|Any CPU
	EndGlobalSection
	GlobalSection(SolutionProperties) = preSolution
		HideSolutionNode = FALSE
	EndGlobalSection
	GlobalSection(ExtensibilityGlobals) = postSolution
		SolutionGuid = {01C3970E-A5F7-43BB-8204-BFA45295CED9}
	EndGlobalSection
EndGlobal
